github.com/IncSW/geoip2 v0.1.2 h1:v7iAyDiNZjHES45P1JPM3SMvkw0VNeJtz0XSVxkRwOY=
github.com/IncSW/geoip2 v0.1.2/go.mod h1:adcasR40vXiUBjtzdaTTKL/6wSf+fgO4M8Gve/XzPUk=
github.com/OneOfOne/xxhash v1.2.2 h1:KMrpdQIwFcEqXDklaen+P1axHaj9BSKzvpUUfnHldSE=
github.com/OneOfOne/xxhash v1.2.2/go.mod h1:HSdplMjZKSmBqAxg5vPj2TmRDmfkzw+cTzAElWljhcU=
github.com/cespare/xxhash v1.1.0 h1:a6HrQnmkObjyL+Gs60czilIUGqrzKutQD6XZog3p+ko=
github.com/cespare/xxhash v1.1.0/go.mod h1:XrSqR1VqqWfGrhpAt58auRo0WTKS1nRRg3ghfAqPWnc=
github.com/cornelk/hashmap v1.0.5 h1:FetMxz5XPtcXrP1hIbAhsCGyj6L4aa8E+wLS5UrqKm8=
github.com/cornelk/hashmap v1.0.5/go.mod h1:DqXRj31DMSQGWQJit5c3jpIErEoTlZYmKhAlBGrf0Sw=
github.com/davecgh/go-spew v1.1.1 h1:vj9j/u1bqnvCEfJOwUhtlOARqs3+rkHYY13jYWTU97c=
github.com/dlclark/regexp2 v1.7.0 h1:7lJfhqlPssTb1WQx4yvTHN0uElPEv52sbaECrAQxjAo=
github.com/dlclark/regexp2 v1.7.0/go.mod h1:DHkYz0B9wPfa6wondMfaivmHpzrQ3v9q8cnmRbL6yW8=
github.com/go-test/deep v1.1.0 h1:WOcxcdHcvdgThNXjw0t76K42FXTU7HpNQWHpA2HHNlg=
github.com/gocarina/gocsv v0.0.0-20220729221910-a7386ae0b221 h1:+GNiawgsTceS4Qnua+M5WKJTtebeIc1vbreV9LwGyl0=
github.com/gocarina/gocsv v0.0.0-20220729221910-a7386ae0b221/go.mod h1:5YoVOkjYAQumqlV356Hj3xeYh4BdZuLE0/nRkf2NKkI=
github.com/golang/geo v0.0.0-20200730024412-e86565bf3f35 h1:enTowfyfjtomBQhxX9mhUD+0tZhpe4rIzStO4aNlou8=
github.com/golang/geo v0.0.0-20200730024412-e86565bf3f35/go.mod h1:QZ0nwyI2jOfgRAoBvP+ab5aRr7c9x7lhGEJrKvBwjWI=
github.com/mattn/go-sqlite3 v1.14.15 h1:vfoHhTN1af61xCRSWzFIWzx2YskyMTwHLrExkBOjvxI=
github.com/mattn/go-sqlite3 v1.14.15/go.mod h1:2eHXhiwb8IkHr+BDWZGa96P6+rkvnG63S2DGjv9HUNg=
github.com/pkg/errors v0.9.1 h1:FEBLx1zS214owpjy7qsBeixbURkuhQAwrK5UwLGTwt4=
github.com/pkg/errors v0.9.1/go.mod h1:bwawxfHBFNV+L2hUp1rHADufV3IMtnDRdf1r5NINEl0=
github.com/pmezard/go-difflib v1.0.0 h1:4DBwDE0NGyQoBHbLQYPwSUPoCMWR5BEzIk/f1lZbAQM=
github.com/sams96/rgeo v1.2.0 h1:49cBHeXSADHGHYUsNByhzrzZXkOwYU4+/Vxv7lQn/mY=
github.com/sams96/rgeo v1.2.0/go.mod h1:ngWuABNhG1zT7afDMW5JGZHQgWeNUfPf8Ag5gaojKjA=
github.com/spaolacci/murmur3 v0.0.0-20180118202830-f09979ecbc72 h1:qLC7fQah7D6K1B0ujays3HV9gkFtllcxhzImRR7ArPQ=
github.com/spaolacci/murmur3 v0.0.0-20180118202830-f09979ecbc72/go.mod h1:JwIasOWyU6f++ZhiEuf87xNszmSA2myDM2Kzu9HwQUA=
github.com/stretchr/testify v1.8.1 h1:w7B6lhMri9wdJUVmEZPGGhZzrYTPvgJArz7wNPgYKsk=
github.com/twpayne/go-geom v1.4.4 h1:bcCPAvvNSzjmpUqR0Uqh39ClCKtPx6kZVR7EakQaVJI=
github.com/twpayne/go-geom v1.4.4/go.mod h1:Kz4sX4LtdesDQgkhsMERazLlH/NiCg90s6FPaNr0KNI=
gopkg.in/yaml.v3 v3.0.1 h1:fxVm/GzAzEWqLHuvctI91KS9hhNmmWOoWu0XTYJS7CA=
